
Microsoft Visual Studio Solution File, Format Version 12.00
# Visual Studio Version 16
VisualStudioVersion = 16.0.31313.79
MinimumVisualStudioVersion = 10.0.40219.1
Project("{FAE04EC0-301F-11D3-BF4B-00C04F79EFBC}") = "Lab4.2", "lab4\Lab4.2.csproj", "{3B9B54B3-A122-47DC-BA17-CC2FC34EB881}"
EndProject
Project("{FAE04EC0-301F-11D3-BF4B-00C04F79EFBC}") = "lab4.1", "lab4.1\lab4.1.csproj", "{6D7C403F-CC2F-4129-9A9E-DB65FEBD945D}"
EndProject
Global
	GlobalSection(SolutionConfigurationPlatforms) = preSolution
		Debug|Any CPU = Debug|Any CPU
		Release|Any CPU = Release|Any CPU
	EndGlobalSection
	GlobalSection(ProjectConfigurationPlatforms) = postSolution
		{3B9B54B3-A122-47DC-BA17-CC2FC34EB881}.Debug|Any CPU.ActiveCfg = Debug|Any CPU
		{3B9B54B3-A122-47DC-BA17-CC2FC34EB881}.Debug|Any CPU.Build.0 = Debug|Any CPU
		{3B9B54B3-A122-47DC-BA17-CC2FC34EB881}.Release|Any CPU.ActiveCfg = Release|Any CPU
		{3B9B54B3-A122-47DC-BA17-CC2FC34EB881}.Release|Any CPU.Build.0 = Release|Any CPU
		{6D7C403F-CC2F-4129-9A9E-DB65FEBD945D}.Debug|Any CPU.ActiveCfg = Debug|Any CPU
		{6D7C403F-CC2F-4129-9A9E-DB65FEBD945D}.Debug|Any CPU.Build.0 = Debug|Any CPU
		{6D7C403F-CC2F-4129-9A9E-DB65FEBD945D}.Release|Any CPU.ActiveCfg = Release|Any CPU
		{6D7C403F-CC2F-4129-9A9E-DB65FEBD945D}.Release|Any CPU.Build.0 = Release|Any CPU
	EndGlobalSection
	GlobalSection(SolutionProperties) = preSolution
		HideSolutionNode = FALSE
	EndGlobalSection
	GlobalSection(ExtensibilityGlobals) = postSolution
		SolutionGuid = {B9098032-F818-44A5-933B-C8073D16ED57}
	EndGlobalSection
EndGlobal
